
Microsoft Visual Studio Solution File, Format Version 11.00
# Visual Studio 2010
Project("{FAE04EC0-301F-11D3-BF4B-00C04F79EFBC}") = "Plugin Test", "Assembly-CSharp-firstpass.csproj", "{CA141DDB-43B0-F8C9-F79E-D5D6A401A085}"
EndProject
Project("{FAE04EC0-301F-11D3-BF4B-00C04F79EFBC}") = "Plugin Test", "Assembly-CSharp.csproj", "{D514F9A1-BF46-97F7-B952-B7C0EA0A5CC1}"
EndProject
Global
	GlobalSection(SolutionConfigurationPlatforms) = preSolution
		Debug|Any CPU = Debug|Any CPU
		Release|Any CPU = Release|Any CPU
	EndGlobalSection
	GlobalSection(ProjectConfigurationPlatforms) = postSolution
		{CA141DDB-43B0-F8C9-F79E-D5D6A401A085}.Debug|Any CPU.ActiveCfg = Debug|Any CPU
		{CA141DDB-43B0-F8C9-F79E-D5D6A401A085}.Debug|Any CPU.Build.0 = Debug|Any CPU
		{CA141DDB-43B0-F8C9-F79E-D5D6A401A085}.Release|Any CPU.ActiveCfg = Release|Any CPU
		{CA141DDB-43B0-F8C9-F79E-D5D6A401A085}.Release|Any CPU.Build.0 = Release|Any CPU
		{D514F9A1-BF46-97F7-B952-B7C0EA0A5CC1}.Debug|Any CPU.ActiveCfg = Debug|Any CPU
		{D514F9A1-BF46-97F7-B952-B7C0EA0A5CC1}.Debug|Any CPU.Build.0 = Debug|Any CPU
		{D514F9A1-BF46-97F7-B952-B7C0EA0A5CC1}.Release|Any CPU.ActiveCfg = Release|Any CPU
		{D514F9A1-BF46-97F7-B952-B7C0EA0A5CC1}.Release|Any CPU.Build.0 = Release|Any CPU
	EndGlobalSection
	GlobalSection(SolutionProperties) = preSolution
		HideSolutionNode = FALSE
	EndGlobalSection
	GlobalSection(MonoDevelopProperties) = preSolution
		StartupItem = Assembly-CSharp.csproj
	EndGlobalSection
EndGlobal
